
Microsoft Visual Studio Solution File, Format Version 12.00
# Visual Studio Version 16
VisualStudioVersion = 16.0.29318.209
MinimumVisualStudioVersion = 10.0.40219.1
Project("{FAE04EC0-301F-11D3-BF4B-00C04F79EFBC}") = "Trading", "Trading\Trading.csproj", "{F415BD50-6826-46C1-8FEB-66EBAE88F122}"
EndProject
Project("{FAE04EC0-301F-11D3-BF4B-00C04F79EFBC}") = "Trading.Core", "Trading.Core\Trading.Core.csproj", "{967194BF-6229-418E-868E-00A1FF823891}"
EndProject
Project("{2150E333-8FDC-42A3-9474-1A3956D46DE8}") = "Modules", "Modules", "{89D9DB4C-AB74-42EC-A7DD-442E63409610}"
EndProject
Project("{FAE04EC0-301F-11D3-BF4B-00C04F79EFBC}") = "BotV1", "Modules\BotV1\BotV1.csproj", "{57F4E6A7-7CD6-461E-850F-EA0A03F5FC70}"
EndProject
Global
	GlobalSection(SolutionConfigurationPlatforms) = preSolution
		Debug|Any CPU = Debug|Any CPU
		Release|Any CPU = Release|Any CPU
	EndGlobalSection
	GlobalSection(ProjectConfigurationPlatforms) = postSolution
		{F415BD50-6826-46C1-8FEB-66EBAE88F122}.Debug|Any CPU.ActiveCfg = Debug|Any CPU
		{F415BD50-6826-46C1-8FEB-66EBAE88F122}.Debug|Any CPU.Build.0 = Debug|Any CPU
		{F415BD50-6826-46C1-8FEB-66EBAE88F122}.Release|Any CPU.ActiveCfg = Release|Any CPU
		{F415BD50-6826-46C1-8FEB-66EBAE88F122}.Release|Any CPU.Build.0 = Release|Any CPU
		{967194BF-6229-418E-868E-00A1FF823891}.Debug|Any CPU.ActiveCfg = Debug|Any CPU
		{967194BF-6229-418E-868E-00A1FF823891}.Debug|Any CPU.Build.0 = Debug|Any CPU
		{967194BF-6229-418E-868E-00A1FF823891}.Release|Any CPU.ActiveCfg = Release|Any CPU
		{967194BF-6229-418E-868E-00A1FF823891}.Release|Any CPU.Build.0 = Release|Any CPU
		{57F4E6A7-7CD6-461E-850F-EA0A03F5FC70}.Debug|Any CPU.ActiveCfg = Debug|Any CPU
		{57F4E6A7-7CD6-461E-850F-EA0A03F5FC70}.Debug|Any CPU.Build.0 = Debug|Any CPU
		{57F4E6A7-7CD6-461E-850F-EA0A03F5FC70}.Release|Any CPU.ActiveCfg = Release|Any CPU
		{57F4E6A7-7CD6-461E-850F-EA0A03F5FC70}.Release|Any CPU.Build.0 = Release|Any CPU
	EndGlobalSection
	GlobalSection(SolutionProperties) = preSolution
		HideSolutionNode = FALSE
	EndGlobalSection
	GlobalSection(NestedProjects) = preSolution
		{57F4E6A7-7CD6-461E-850F-EA0A03F5FC70} = {89D9DB4C-AB74-42EC-A7DD-442E63409610}
	EndGlobalSection
	GlobalSection(ExtensibilityGlobals) = postSolution
		SolutionGuid = {FCF6CE0E-890B-478D-8800-5F67C17EABDA}
	EndGlobalSection
EndGlobal
